
Microsoft Visual Studio Solution File, Format Version 12.00
# Visual Studio Version 17
VisualStudioVersion = 17.14.36203.30 d17.14
MinimumVisualStudioVersion = 10.0.40219.1
Project("{FAE04EC0-301F-11D3-BF4B-00C04F79EFBC}") = "autoria2", "autoria2\autoria2.csproj", "{D12B46F1-386A-4420-BCE3-0A85CA93CAA2}"
EndProject
Global
	GlobalSection(SolutionConfigurationPlatforms) = preSolution
		Debug|Any CPU = Debug|Any CPU
		Release|Any CPU = Release|Any CPU
	EndGlobalSection
	GlobalSection(ProjectConfigurationPlatforms) = postSolution
		{D12B46F1-386A-4420-BCE3-0A85CA93CAA2}.Debug|Any CPU.ActiveCfg = Debug|Any CPU
		{D12B46F1-386A-4420-BCE3-0A85CA93CAA2}.Debug|Any CPU.Build.0 = Debug|Any CPU
		{D12B46F1-386A-4420-BCE3-0A85CA93CAA2}.Release|Any CPU.ActiveCfg = Release|Any CPU
		{D12B46F1-386A-4420-BCE3-0A85CA93CAA2}.Release|Any CPU.Build.0 = Release|Any CPU
	EndGlobalSection
	GlobalSection(SolutionProperties) = preSolution
		HideSolutionNode = FALSE
	EndGlobalSection
	GlobalSection(ExtensibilityGlobals) = postSolution
		SolutionGuid = {BBE37CD6-6CF8-4087-9911-9758508BD3D0}
	EndGlobalSection
EndGlobal
